
Microsoft Visual Studio Solution File, Format Version 12.00
# Visual Studio Version 17
VisualStudioVersion = 17.4.33205.214
MinimumVisualStudioVersion = 10.0.40219.1
Project("{9A19103F-16F7-4668-BE54-9A1E7A4F7556}") = "Vira.Core", "Vira.Core\Vira.Core.csproj", "{36021614-2BF6-4505-ACD1-8A83402A63DF}"
EndProject
Project("{9A19103F-16F7-4668-BE54-9A1E7A4F7556}") = "Vira.Web.Server", "Vira.Web\Server\Vira.Web.Server.csproj", "{2ED63F2A-3388-4FBE-9203-818F3A24437D}"
EndProject
Project("{9A19103F-16F7-4668-BE54-9A1E7A4F7556}") = "Vira.Web.Client", "Vira.Web\Client\Vira.Web.Client.csproj", "{598F1BC4-4BE5-491B-94E6-E74D06F0F102}"
EndProject
Project("{9A19103F-16F7-4668-BE54-9A1E7A4F7556}") = "Vira.Web.Shared", "Vira.Web\Shared\Vira.Web.Shared.csproj", "{BAAD53A8-838A-4844-ACDE-ADEE5CE7F5E2}"
EndProject
Global
	GlobalSection(SolutionConfigurationPlatforms) = preSolution
		Debug|Any CPU = Debug|Any CPU
		Release|Any CPU = Release|Any CPU
	EndGlobalSection
	GlobalSection(ProjectConfigurationPlatforms) = postSolution
		{36021614-2BF6-4505-ACD1-8A83402A63DF}.Debug|Any CPU.ActiveCfg = Debug|Any CPU
		{36021614-2BF6-4505-ACD1-8A83402A63DF}.Debug|Any CPU.Build.0 = Debug|Any CPU
		{36021614-2BF6-4505-ACD1-8A83402A63DF}.Release|Any CPU.ActiveCfg = Release|Any CPU
		{36021614-2BF6-4505-ACD1-8A83402A63DF}.Release|Any CPU.Build.0 = Release|Any CPU
		{2ED63F2A-3388-4FBE-9203-818F3A24437D}.Debug|Any CPU.ActiveCfg = Debug|Any CPU
		{2ED63F2A-3388-4FBE-9203-818F3A24437D}.Debug|Any CPU.Build.0 = Debug|Any CPU
		{2ED63F2A-3388-4FBE-9203-818F3A24437D}.Release|Any CPU.ActiveCfg = Release|Any CPU
		{2ED63F2A-3388-4FBE-9203-818F3A24437D}.Release|Any CPU.Build.0 = Release|Any CPU
		{598F1BC4-4BE5-491B-94E6-E74D06F0F102}.Debug|Any CPU.ActiveCfg = Debug|Any CPU
		{598F1BC4-4BE5-491B-94E6-E74D06F0F102}.Debug|Any CPU.Build.0 = Debug|Any CPU
		{598F1BC4-4BE5-491B-94E6-E74D06F0F102}.Release|Any CPU.ActiveCfg = Release|Any CPU
		{598F1BC4-4BE5-491B-94E6-E74D06F0F102}.Release|Any CPU.Build.0 = Release|Any CPU
		{BAAD53A8-838A-4844-ACDE-ADEE5CE7F5E2}.Debug|Any CPU.ActiveCfg = Debug|Any CPU
		{BAAD53A8-838A-4844-ACDE-ADEE5CE7F5E2}.Debug|Any CPU.Build.0 = Debug|Any CPU
		{BAAD53A8-838A-4844-ACDE-ADEE5CE7F5E2}.Release|Any CPU.ActiveCfg = Release|Any CPU
		{BAAD53A8-838A-4844-ACDE-ADEE5CE7F5E2}.Release|Any CPU.Build.0 = Release|Any CPU
	EndGlobalSection
	GlobalSection(SolutionProperties) = preSolution
		HideSolutionNode = FALSE
	EndGlobalSection
	GlobalSection(ExtensibilityGlobals) = postSolution
		SolutionGuid = {96A0F3A5-0787-4C05-9D57-9259E1EA56F8}
	EndGlobalSection
EndGlobal
